
Microsoft Visual Studio Solution File, Format Version 12.00
# Visual Studio Version 16
VisualStudioVersion = 16.0.31729.503
MinimumVisualStudioVersion = 10.0.40219.1
Project("{F184B08F-C81C-45F6-A57F-5ABD9991F28F}") = "trabalho_db", "trabalho_db.vbproj", "{CD41D01C-DB2A-4166-AC68-4B0FD3B5CAD1}"
EndProject
Global
	GlobalSection(SolutionConfigurationPlatforms) = preSolution
		Debug|Any CPU = Debug|Any CPU
		Release|Any CPU = Release|Any CPU
	EndGlobalSection
	GlobalSection(ProjectConfigurationPlatforms) = postSolution
		{CD41D01C-DB2A-4166-AC68-4B0FD3B5CAD1}.Debug|Any CPU.ActiveCfg = Debug|Any CPU
		{CD41D01C-DB2A-4166-AC68-4B0FD3B5CAD1}.Debug|Any CPU.Build.0 = Debug|Any CPU
		{CD41D01C-DB2A-4166-AC68-4B0FD3B5CAD1}.Release|Any CPU.ActiveCfg = Release|Any CPU
		{CD41D01C-DB2A-4166-AC68-4B0FD3B5CAD1}.Release|Any CPU.Build.0 = Release|Any CPU
	EndGlobalSection
	GlobalSection(SolutionProperties) = preSolution
		HideSolutionNode = FALSE
	EndGlobalSection
	GlobalSection(ExtensibilityGlobals) = postSolution
		SolutionGuid = {916640F4-AECB-49FF-9D04-CFA44BF661AB}
	EndGlobalSection
EndGlobal
