
Microsoft Visual Studio Solution File, Format Version 12.00
# Visual Studio Version 16
VisualStudioVersion = 16.0.31702.278
MinimumVisualStudioVersion = 10.0.40219.1
Project("{F184B08F-C81C-45F6-A57F-5ABD9991F28F}") = "ficha2", "ficha2.vbproj", "{3BAFC58C-718D-452D-B872-4693FAC00C25}"
EndProject
Global
	GlobalSection(SolutionConfigurationPlatforms) = preSolution
		Debug|Any CPU = Debug|Any CPU
		Release|Any CPU = Release|Any CPU
	EndGlobalSection
	GlobalSection(ProjectConfigurationPlatforms) = postSolution
		{3BAFC58C-718D-452D-B872-4693FAC00C25}.Debug|Any CPU.ActiveCfg = Debug|Any CPU
		{3BAFC58C-718D-452D-B872-4693FAC00C25}.Debug|Any CPU.Build.0 = Debug|Any CPU
		{3BAFC58C-718D-452D-B872-4693FAC00C25}.Release|Any CPU.ActiveCfg = Release|Any CPU
		{3BAFC58C-718D-452D-B872-4693FAC00C25}.Release|Any CPU.Build.0 = Release|Any CPU
	EndGlobalSection
	GlobalSection(SolutionProperties) = preSolution
		HideSolutionNode = FALSE
	EndGlobalSection
	GlobalSection(ExtensibilityGlobals) = postSolution
		SolutionGuid = {65B02689-08A1-426C-8A93-C348C3870CCB}
	EndGlobalSection
EndGlobal
